
Microsoft Visual Studio Solution File, Format Version 11.00
# Visual Studio 2010
Project("{FAE04EC0-301F-11D3-BF4B-00C04F79EFBC}") = "pocgrid2", "Assembly-CSharp.csproj", "{CCF6B3AE-875E-F5E3-3365-621323D7E257}"
EndProject
Global
	GlobalSection(SolutionConfigurationPlatforms) = preSolution
		Debug|Any CPU = Debug|Any CPU
		Release|Any CPU = Release|Any CPU
	EndGlobalSection
	GlobalSection(ProjectConfigurationPlatforms) = postSolution
		{CCF6B3AE-875E-F5E3-3365-621323D7E257}.Debug|Any CPU.ActiveCfg = Debug|Any CPU
		{CCF6B3AE-875E-F5E3-3365-621323D7E257}.Debug|Any CPU.Build.0 = Debug|Any CPU
		{CCF6B3AE-875E-F5E3-3365-621323D7E257}.Release|Any CPU.ActiveCfg = Release|Any CPU
		{CCF6B3AE-875E-F5E3-3365-621323D7E257}.Release|Any CPU.Build.0 = Release|Any CPU
	EndGlobalSection
	GlobalSection(SolutionProperties) = preSolution
		HideSolutionNode = FALSE
	EndGlobalSection
	GlobalSection(MonoDevelopProperties) = preSolution
		StartupItem = Assembly-CSharp.csproj
	EndGlobalSection
EndGlobal
